
Microsoft Visual Studio Solution File, Format Version 12.00
# Visual Studio Version 17
VisualStudioVersion = 17.0.31903.59
MinimumVisualStudioVersion = 10.0.40219.1
Project("{2150E333-8FDC-42A3-9474-1A3956D46DE8}") = "src", "src", "{AD06D439-3A39-49FC-9855-1E2AF3479A77}"
EndProject
Project("{FAE04EC0-301F-11D3-BF4B-00C04F79EFBC}") = "Microondas.Application", "src\Microondas.Application\Microondas.Application.csproj", "{90AB4835-53AB-4E8E-9AF5-A12B3924ADE9}"
EndProject
Project("{FAE04EC0-301F-11D3-BF4B-00C04F79EFBC}") = "Microondas.Domain", "src\Microondas.Domain\Microondas.Domain.csproj", "{D1A8F2B0-3E07-45D5-9E43-6CF7E7F2C40A}"
EndProject
Project("{FAE04EC0-301F-11D3-BF4B-00C04F79EFBC}") = "Microondas.Infrastructure", "src\Microondas.Infrastructure\Microondas.Infrastructure.csproj", "{0627AC90-B17F-48C3-A5AB-B717183D9260}"
EndProject
Project("{FAE04EC0-301F-11D3-BF4B-00C04F79EFBC}") = "Microondas.WebApi", "src\Microondas.WebApi\Microondas.WebApi.csproj", "{30E35744-7F1E-46CA-8C18-3FA33A5DA269}"
EndProject
Project("{FAE04EC0-301F-11D3-BF4B-00C04F79EFBC}") = "Microondas.Tests", "src\Microondas.Tests\Microondas.Tests.csproj", "{FBA42965-7AB6-4046-8E92-7D9A76859284}"
EndProject
Global
	GlobalSection(SolutionConfigurationPlatforms) = preSolution
		Debug|Any CPU = Debug|Any CPU
		Release|Any CPU = Release|Any CPU
	EndGlobalSection
	GlobalSection(SolutionProperties) = preSolution
		HideSolutionNode = FALSE
	EndGlobalSection
	GlobalSection(ProjectConfigurationPlatforms) = postSolution
		{90AB4835-53AB-4E8E-9AF5-A12B3924ADE9}.Debug|Any CPU.ActiveCfg = Debug|Any CPU
		{90AB4835-53AB-4E8E-9AF5-A12B3924ADE9}.Debug|Any CPU.Build.0 = Debug|Any CPU
		{90AB4835-53AB-4E8E-9AF5-A12B3924ADE9}.Release|Any CPU.ActiveCfg = Release|Any CPU
		{90AB4835-53AB-4E8E-9AF5-A12B3924ADE9}.Release|Any CPU.Build.0 = Release|Any CPU
		{D1A8F2B0-3E07-45D5-9E43-6CF7E7F2C40A}.Debug|Any CPU.ActiveCfg = Debug|Any CPU
		{D1A8F2B0-3E07-45D5-9E43-6CF7E7F2C40A}.Debug|Any CPU.Build.0 = Debug|Any CPU
		{D1A8F2B0-3E07-45D5-9E43-6CF7E7F2C40A}.Release|Any CPU.ActiveCfg = Release|Any CPU
		{D1A8F2B0-3E07-45D5-9E43-6CF7E7F2C40A}.Release|Any CPU.Build.0 = Release|Any CPU
		{0627AC90-B17F-48C3-A5AB-B717183D9260}.Debug|Any CPU.ActiveCfg = Debug|Any CPU
		{0627AC90-B17F-48C3-A5AB-B717183D9260}.Debug|Any CPU.Build.0 = Debug|Any CPU
		{0627AC90-B17F-48C3-A5AB-B717183D9260}.Release|Any CPU.ActiveCfg = Release|Any CPU
		{0627AC90-B17F-48C3-A5AB-B717183D9260}.Release|Any CPU.Build.0 = Release|Any CPU
		{30E35744-7F1E-46CA-8C18-3FA33A5DA269}.Debug|Any CPU.ActiveCfg = Debug|Any CPU
		{30E35744-7F1E-46CA-8C18-3FA33A5DA269}.Debug|Any CPU.Build.0 = Debug|Any CPU
		{30E35744-7F1E-46CA-8C18-3FA33A5DA269}.Release|Any CPU.ActiveCfg = Release|Any CPU
		{30E35744-7F1E-46CA-8C18-3FA33A5DA269}.Release|Any CPU.Build.0 = Release|Any CPU
		{FBA42965-7AB6-4046-8E92-7D9A76859284}.Debug|Any CPU.ActiveCfg = Debug|Any CPU
		{FBA42965-7AB6-4046-8E92-7D9A76859284}.Debug|Any CPU.Build.0 = Debug|Any CPU
		{FBA42965-7AB6-4046-8E92-7D9A76859284}.Release|Any CPU.ActiveCfg = Release|Any CPU
		{FBA42965-7AB6-4046-8E92-7D9A76859284}.Release|Any CPU.Build.0 = Release|Any CPU
	EndGlobalSection
	GlobalSection(NestedProjects) = preSolution
		{90AB4835-53AB-4E8E-9AF5-A12B3924ADE9} = {AD06D439-3A39-49FC-9855-1E2AF3479A77}
		{D1A8F2B0-3E07-45D5-9E43-6CF7E7F2C40A} = {AD06D439-3A39-49FC-9855-1E2AF3479A77}
		{0627AC90-B17F-48C3-A5AB-B717183D9260} = {AD06D439-3A39-49FC-9855-1E2AF3479A77}
		{30E35744-7F1E-46CA-8C18-3FA33A5DA269} = {AD06D439-3A39-49FC-9855-1E2AF3479A77}
		{FBA42965-7AB6-4046-8E92-7D9A76859284} = {AD06D439-3A39-49FC-9855-1E2AF3479A77}
	EndGlobalSection
EndGlobal
